
Microsoft Visual Studio Solution File, Format Version 12.00
# Visual Studio Version 16
VisualStudioVersion = 16.0.31729.503
MinimumVisualStudioVersion = 10.0.40219.1
Project("{FAE04EC0-301F-11D3-BF4B-00C04F79EFBC}") = "CaptureManager", "CaptureManager.csproj", "{9CF2CA96-EF0B-4538-93B9-411415B5CC31}"
EndProject
Global
	GlobalSection(SolutionConfigurationPlatforms) = preSolution
		Debug|Any CPU = Debug|Any CPU
		Release|Any CPU = Release|Any CPU
	EndGlobalSection
	GlobalSection(ProjectConfigurationPlatforms) = postSolution
		{9CF2CA96-EF0B-4538-93B9-411415B5CC31}.Debug|Any CPU.ActiveCfg = Debug|Any CPU
		{9CF2CA96-EF0B-4538-93B9-411415B5CC31}.Debug|Any CPU.Build.0 = Debug|Any CPU
		{9CF2CA96-EF0B-4538-93B9-411415B5CC31}.Release|Any CPU.ActiveCfg = Release|Any CPU
		{9CF2CA96-EF0B-4538-93B9-411415B5CC31}.Release|Any CPU.Build.0 = Release|Any CPU
	EndGlobalSection
	GlobalSection(SolutionProperties) = preSolution
		HideSolutionNode = FALSE
	EndGlobalSection
	GlobalSection(ExtensibilityGlobals) = postSolution
		SolutionGuid = {162C4984-119C-4F04-9DF4-7C6CB00FF977}
	EndGlobalSection
EndGlobal
